<?xml version="1.0" encoding="utf-8"?>
<Project ToolsVersion="4.0" xmlns="http://schemas.microsoft.com/developer/msbuild/2003">
  <ItemGroup>
    <Filter Include="Engine">
      <UniqueIdentifier>{38327935-f071-4f8b-a3cf-fdfa432af720}</UniqueIdentifier>
    </Filter>
    <Filter Include="Default">
      <UniqueIdentifier>{40279473-751f-4dfe-8dad-760f04e67669}</UniqueIdentifier>
    </Filter>
    <Filter Include="Default\리소스 파일">
      <UniqueIdentifier>{67DA6AB6-F800-4c08-8B7A-83BB121AAD01}</UniqueIdentifier>
      <Extensions>rc;ico;cur;bmp;dlg;rc2;rct;bin;rgs;gif;jpg;jpeg;jpe;resx;tiff;tif;png;wav;mfcribbon-ms</Extensions>
    </Filter>
    <Filter Include="Engine\04.Object">
      <UniqueIdentifier>{0ffb9f3e-9fac-43db-8cef-b61b9ed7a28e}</UniqueIdentifier>
    </Filter>
    <Filter Include="Engine\03.Manager">
      <UniqueIdentifier>{7495ee0a-1518-4502-92bc-18d725106651}</UniqueIdentifier>
    </Filter>
    <Filter Include="Engine\03.Manager\KeyMgr">
      <UniqueIdentifier>{d4cb5083-8ecf-4db2-91d6-137330309d10}</UniqueIdentifier>
    </Filter>
    <Filter Include="Engine\03.Manager\TimeMgr">
      <UniqueIdentifier>{6e467add-d524-411d-bf96-88bece7b7a71}</UniqueIdentifier>
    </Filter>
    <Filter Include="Engine\01.Header">
      <UniqueIdentifier>{3a9c1227-de99-45bc-bf13-3249bec53a54}</UniqueIdentifier>
    </Filter>
    <Filter Include="Engine\02.Core">
      <UniqueIdentifier>{2d75724f-d4f3-4103-836d-74d1d80548f0}</UniqueIdentifier>
    </Filter>
    <Filter Include="Engine\05.Scene">
      <UniqueIdentifier>{9a91637c-defe-4913-ab39-190b0a13bb9d}</UniqueIdentifier>
    </Filter>
    <Filter Include="Engine\03.Manager\SceneMgr">
      <UniqueIdentifier>{6acad63e-9b7e-4daf-b470-62eabe5d5e21}</UniqueIdentifier>
    </Filter>
    <Filter Include="Engine\05.Scene\Scene_Start">
      <UniqueIdentifier>{52367702-dc23-4eef-949e-9dfdad405372}</UniqueIdentifier>
    </Filter>
    <Filter Include="Engine\05.Scene\Scene_Tool">
      <UniqueIdentifier>{e9bc90b8-1889-41e0-a391-ca921266cb5d}</UniqueIdentifier>
    </Filter>
    <Filter Include="Engine\04.Object\Player">
      <UniqueIdentifier>{d8b54a49-3933-4397-944f-fa741e4e1fc9}</UniqueIdentifier>
    </Filter>
    <Filter Include="Engine\04.Object\CObject">
      <UniqueIdentifier>{c8db7889-94ac-4c72-be4b-69ba0c463db8}</UniqueIdentifier>
    </Filter>
    <Filter Include="Engine\04.Object\Wall">
      <UniqueIdentifier>{ea81bb89-01e6-4aac-877a-3103caf6d9da}</UniqueIdentifier>
    </Filter>
    <Filter Include="Engine\04.Object\Monster">
      <UniqueIdentifier>{ee2b1ad1-74f1-4778-918e-955fd9bc51ef}</UniqueIdentifier>
    </Filter>
    <Filter Include="Engine\04.Object\Missible">
      <UniqueIdentifier>{370003ba-36a9-4afe-b65d-90f8b8de4aa0}</UniqueIdentifier>
    </Filter>
  </ItemGroup>
  <ItemGroup>
    <ClInclude Include="targetver.h">
      <Filter>Default</Filter>
    </ClInclude>
    <ClInclude Include="Resource.h">
      <Filter>Default</Filter>
    </ClInclude>
    <ClInclude Include="framework.h">
      <Filter>Default</Filter>
    </ClInclude>
    <ClInclude Include="Client.h">
      <Filter>Default</Filter>
    </ClInclude>
    <ClInclude Include="CCore.h">
      <Filter>Engine\02.Core</Filter>
    </ClInclude>
    <ClInclude Include="define.h">
      <Filter>Engine\01.Header</Filter>
    </ClInclude>
    <ClInclude Include="CKeyMgr.h">
      <Filter>Engine\03.Manager\KeyMgr</Filter>
    </ClInclude>
    <ClInclude Include="pch.h" />
    <ClInclude Include="struct.h">
      <Filter>Engine\01.Header</Filter>
    </ClInclude>
    <ClInclude Include="CTimeMgr.h">
      <Filter>Engine\03.Manager\TimeMgr</Filter>
    </ClInclude>
    <ClInclude Include="CSceneMgr.h">
      <Filter>Engine\03.Manager\SceneMgr</Filter>
    </ClInclude>
    <ClInclude Include="CScene_Start.h">
      <Filter>Engine\05.Scene\Scene_Start</Filter>
    </ClInclude>
    <ClInclude Include="CScene.h">
      <Filter>Engine\05.Scene\Scene_Tool</Filter>
    </ClInclude>
    <ClInclude Include="CPlayer.h">
      <Filter>Engine\04.Object\Player</Filter>
    </ClInclude>
    <ClInclude Include="CObject.h">
      <Filter>Engine\04.Object\CObject</Filter>
    </ClInclude>
    <ClInclude Include="CWall.h">
      <Filter>Engine\04.Object\Wall</Filter>
    </ClInclude>
    <ClInclude Include="CMonster.h">
      <Filter>Engine\04.Object\Monster</Filter>
    </ClInclude>
    <ClInclude Include="CMissible.h">
      <Filter>Engine\04.Object\Missible</Filter>
    </ClInclude>
  </ItemGroup>
  <ItemGroup>
    <ResourceCompile Include="Client.rc">
      <Filter>Default\리소스 파일</Filter>
    </ResourceCompile>
  </ItemGroup>
  <ItemGroup>
    <Image Include="small.ico">
      <Filter>Default\리소스 파일</Filter>
    </Image>
    <Image Include="Client.ico">
      <Filter>Default\리소스 파일</Filter>
    </Image>
  </ItemGroup>
  <ItemGroup>
    <ClCompile Include="Client.cpp">
      <Filter>Default</Filter>
    </ClCompile>
    <ClCompile Include="CCore.cpp">
      <Filter>Engine\02.Core</Filter>
    </ClCompile>
    <ClCompile Include="CKeyMgr.cpp">
      <Filter>Engine\03.Manager\KeyMgr</Filter>
    </ClCompile>
    <ClCompile Include="CTimeMgr.cpp">
      <Filter>Engine\03.Manager\TimeMgr</Filter>
    </ClCompile>
    <ClCompile Include="CSceneMgr.cpp">
      <Filter>Engine\03.Manager\SceneMgr</Filter>
    </ClCompile>
    <ClCompile Include="CScene_Start.cpp">
      <Filter>Engine\05.Scene\Scene_Start</Filter>
    </ClCompile>
    <ClCompile Include="CScene.cpp">
      <Filter>Engine\05.Scene\Scene_Tool</Filter>
    </ClCompile>
    <ClCompile Include="CPlayer.cpp">
      <Filter>Engine\04.Object\Player</Filter>
    </ClCompile>
    <ClCompile Include="CObject.cpp">
      <Filter>Engine\04.Object\CObject</Filter>
    </ClCompile>
    <ClCompile Include="CWall.cpp">
      <Filter>Engine\04.Object\Wall</Filter>
    </ClCompile>
    <ClCompile Include="CMonster.cpp">
      <Filter>Engine\04.Object\Monster</Filter>
    </ClCompile>
    <ClCompile Include="CMissible.cpp">
      <Filter>Engine\04.Object\Missible</Filter>
    </ClCompile>
  </ItemGroup>
</Project>